
Microsoft Visual Studio Solution File, Format Version 12.00
# Visual Studio 14
VisualStudioVersion = 14.0.25420.1
MinimumVisualStudioVersion = 10.0.40219.1
Project("{FAE04EC0-301F-11D3-BF4B-00C04F79EFBC}") = "NT.Models", "NT.Models\NT.Models.csproj", "{22382599-56EB-424B-83D5-6C00A368A218}"
EndProject
Project("{FAE04EC0-301F-11D3-BF4B-00C04F79EFBC}") = "NT.IDAL", "NT.IDAL\NT.IDAL.csproj", "{A0D54221-F441-427B-9458-AAFBBA9A3F57}"
EndProject
Project("{FAE04EC0-301F-11D3-BF4B-00C04F79EFBC}") = "NT.DAL", "NT.DAL\NT.DAL.csproj", "{A38D33AF-2C40-4EB3-9A4D-D136FAA145DA}"
EndProject
Project("{FAE04EC0-301F-11D3-BF4B-00C04F79EFBC}") = "NT.DALFactory", "NT.DALFactory\NT.DALFactory.csproj", "{9CDCBF20-3E2F-4716-9EDB-16A29357D49D}"
EndProject
Project("{FAE04EC0-301F-11D3-BF4B-00C04F79EFBC}") = "NT.BLL", "NT.BLL\NT.BLL.csproj", "{6FB56B40-E0C0-41BC-BEE4-56844228AFCE}"
EndProject
Global
	GlobalSection(SolutionConfigurationPlatforms) = preSolution
		Debug|Any CPU = Debug|Any CPU
		Release|Any CPU = Release|Any CPU
	EndGlobalSection
	GlobalSection(ProjectConfigurationPlatforms) = postSolution
		{22382599-56EB-424B-83D5-6C00A368A218}.Debug|Any CPU.ActiveCfg = Debug|Any CPU
		{22382599-56EB-424B-83D5-6C00A368A218}.Debug|Any CPU.Build.0 = Debug|Any CPU
		{22382599-56EB-424B-83D5-6C00A368A218}.Release|Any CPU.ActiveCfg = Release|Any CPU
		{22382599-56EB-424B-83D5-6C00A368A218}.Release|Any CPU.Build.0 = Release|Any CPU
		{A0D54221-F441-427B-9458-AAFBBA9A3F57}.Debug|Any CPU.ActiveCfg = Debug|Any CPU
		{A0D54221-F441-427B-9458-AAFBBA9A3F57}.Debug|Any CPU.Build.0 = Debug|Any CPU
		{A0D54221-F441-427B-9458-AAFBBA9A3F57}.Release|Any CPU.ActiveCfg = Release|Any CPU
		{A0D54221-F441-427B-9458-AAFBBA9A3F57}.Release|Any CPU.Build.0 = Release|Any CPU
		{A38D33AF-2C40-4EB3-9A4D-D136FAA145DA}.Debug|Any CPU.ActiveCfg = Debug|Any CPU
		{A38D33AF-2C40-4EB3-9A4D-D136FAA145DA}.Debug|Any CPU.Build.0 = Debug|Any CPU
		{A38D33AF-2C40-4EB3-9A4D-D136FAA145DA}.Release|Any CPU.ActiveCfg = Release|Any CPU
		{A38D33AF-2C40-4EB3-9A4D-D136FAA145DA}.Release|Any CPU.Build.0 = Release|Any CPU
		{9CDCBF20-3E2F-4716-9EDB-16A29357D49D}.Debug|Any CPU.ActiveCfg = Debug|Any CPU
		{9CDCBF20-3E2F-4716-9EDB-16A29357D49D}.Debug|Any CPU.Build.0 = Debug|Any CPU
		{9CDCBF20-3E2F-4716-9EDB-16A29357D49D}.Release|Any CPU.ActiveCfg = Release|Any CPU
		{9CDCBF20-3E2F-4716-9EDB-16A29357D49D}.Release|Any CPU.Build.0 = Release|Any CPU
		{6FB56B40-E0C0-41BC-BEE4-56844228AFCE}.Debug|Any CPU.ActiveCfg = Debug|Any CPU
		{6FB56B40-E0C0-41BC-BEE4-56844228AFCE}.Debug|Any CPU.Build.0 = Debug|Any CPU
		{6FB56B40-E0C0-41BC-BEE4-56844228AFCE}.Release|Any CPU.ActiveCfg = Release|Any CPU
		{6FB56B40-E0C0-41BC-BEE4-56844228AFCE}.Release|Any CPU.Build.0 = Release|Any CPU
	EndGlobalSection
	GlobalSection(SolutionProperties) = preSolution
		HideSolutionNode = FALSE
	EndGlobalSection
EndGlobal
